
Microsoft Visual Studio Solution File, Format Version 12.00
# Visual Studio 2015
Project("{FAE04EC0-301F-11D3-BF4B-00C04F79EFBC}") = "vuforia.CSharp", "vuforia.CSharp.csproj", "{440A398D-F3E3-4AB0-13B4-5BE5797F812F}"
EndProject
Project("{FAE04EC0-301F-11D3-BF4B-00C04F79EFBC}") = "vuforia.CSharp.Editor", "vuforia.CSharp.Editor.csproj", "{DAF7CD21-CE1A-3865-F729-DE52A39A4431}"
EndProject
Global
	GlobalSection(SolutionConfigurationPlatforms) = preSolution
		Debug|Any CPU = Debug|Any CPU
		Release|Any CPU = Release|Any CPU
	EndGlobalSection
	GlobalSection(ProjectConfigurationPlatforms) = postSolution
		{440A398D-F3E3-4AB0-13B4-5BE5797F812F}.Debug|Any CPU.ActiveCfg = Debug|Any CPU
		{440A398D-F3E3-4AB0-13B4-5BE5797F812F}.Debug|Any CPU.Build.0 = Debug|Any CPU
		{440A398D-F3E3-4AB0-13B4-5BE5797F812F}.Release|Any CPU.ActiveCfg = Release|Any CPU
		{440A398D-F3E3-4AB0-13B4-5BE5797F812F}.Release|Any CPU.Build.0 = Release|Any CPU
		{DAF7CD21-CE1A-3865-F729-DE52A39A4431}.Debug|Any CPU.ActiveCfg = Debug|Any CPU
		{DAF7CD21-CE1A-3865-F729-DE52A39A4431}.Debug|Any CPU.Build.0 = Debug|Any CPU
		{DAF7CD21-CE1A-3865-F729-DE52A39A4431}.Release|Any CPU.ActiveCfg = Release|Any CPU
		{DAF7CD21-CE1A-3865-F729-DE52A39A4431}.Release|Any CPU.Build.0 = Release|Any CPU
	EndGlobalSection
	GlobalSection(SolutionProperties) = preSolution
		HideSolutionNode = FALSE
	EndGlobalSection
EndGlobal
