
Microsoft Visual Studio Solution File, Format Version 12.00
# Visual Studio 2017
Project("{FAE04EC0-301F-11D3-BF4B-00C04F79EFBC}") = "design", "design.csproj", "{1C787D31-9B04-EBC9-790B-9D98847F7CC4}"
EndProject
Project("{FAE04EC0-301F-11D3-BF4B-00C04F79EFBC}") = "design.Editor", "design.Editor.csproj", "{F950EDE6-7BC9-DD08-293D-481647666213}"
EndProject
Global
	GlobalSection(SolutionConfigurationPlatforms) = preSolution
		Debug|Any CPU = Debug|Any CPU
		Release|Any CPU = Release|Any CPU
	EndGlobalSection
	GlobalSection(ProjectConfigurationPlatforms) = postSolution
		{1C787D31-9B04-EBC9-790B-9D98847F7CC4}.Debug|Any CPU.ActiveCfg = Debug|Any CPU
		{1C787D31-9B04-EBC9-790B-9D98847F7CC4}.Debug|Any CPU.Build.0 = Debug|Any CPU
		{1C787D31-9B04-EBC9-790B-9D98847F7CC4}.Release|Any CPU.ActiveCfg = Release|Any CPU
		{1C787D31-9B04-EBC9-790B-9D98847F7CC4}.Release|Any CPU.Build.0 = Release|Any CPU
		{F950EDE6-7BC9-DD08-293D-481647666213}.Debug|Any CPU.ActiveCfg = Debug|Any CPU
		{F950EDE6-7BC9-DD08-293D-481647666213}.Debug|Any CPU.Build.0 = Debug|Any CPU
		{F950EDE6-7BC9-DD08-293D-481647666213}.Release|Any CPU.ActiveCfg = Release|Any CPU
		{F950EDE6-7BC9-DD08-293D-481647666213}.Release|Any CPU.Build.0 = Release|Any CPU
	EndGlobalSection
	GlobalSection(SolutionProperties) = preSolution
		HideSolutionNode = FALSE
	EndGlobalSection
EndGlobal
