
Microsoft Visual Studio Solution File, Format Version 12.00
# Visual Studio 2015
Project("{FAE04EC0-301F-11D3-BF4B-00C04F79EFBC}") = "ugui_first.CSharp.Plugins", "ugui_first.CSharp.Plugins.csproj", "{1A8484FB-8733-EB2C-E25C-742F2F031240}"
EndProject
Project("{FAE04EC0-301F-11D3-BF4B-00C04F79EFBC}") = "ugui_first.CSharp", "ugui_first.CSharp.csproj", "{5370F128-CB04-BB92-CF4A-0326FC693B5F}"
EndProject
Project("{FAE04EC0-301F-11D3-BF4B-00C04F79EFBC}") = "ugui_first.CSharp.Editor", "ugui_first.CSharp.Editor.csproj", "{953D44BA-508F-66D9-34D2-C950890F7DF1}"
EndProject
Global
	GlobalSection(SolutionConfigurationPlatforms) = preSolution
		Debug|Any CPU = Debug|Any CPU
		Release|Any CPU = Release|Any CPU
	EndGlobalSection
	GlobalSection(ProjectConfigurationPlatforms) = postSolution
		{1A8484FB-8733-EB2C-E25C-742F2F031240}.Debug|Any CPU.ActiveCfg = Debug|Any CPU
		{1A8484FB-8733-EB2C-E25C-742F2F031240}.Debug|Any CPU.Build.0 = Debug|Any CPU
		{1A8484FB-8733-EB2C-E25C-742F2F031240}.Release|Any CPU.ActiveCfg = Release|Any CPU
		{1A8484FB-8733-EB2C-E25C-742F2F031240}.Release|Any CPU.Build.0 = Release|Any CPU
		{5370F128-CB04-BB92-CF4A-0326FC693B5F}.Debug|Any CPU.ActiveCfg = Debug|Any CPU
		{5370F128-CB04-BB92-CF4A-0326FC693B5F}.Debug|Any CPU.Build.0 = Debug|Any CPU
		{5370F128-CB04-BB92-CF4A-0326FC693B5F}.Release|Any CPU.ActiveCfg = Release|Any CPU
		{5370F128-CB04-BB92-CF4A-0326FC693B5F}.Release|Any CPU.Build.0 = Release|Any CPU
		{953D44BA-508F-66D9-34D2-C950890F7DF1}.Debug|Any CPU.ActiveCfg = Debug|Any CPU
		{953D44BA-508F-66D9-34D2-C950890F7DF1}.Debug|Any CPU.Build.0 = Debug|Any CPU
		{953D44BA-508F-66D9-34D2-C950890F7DF1}.Release|Any CPU.ActiveCfg = Release|Any CPU
		{953D44BA-508F-66D9-34D2-C950890F7DF1}.Release|Any CPU.Build.0 = Release|Any CPU
	EndGlobalSection
	GlobalSection(SolutionProperties) = preSolution
		HideSolutionNode = FALSE
	EndGlobalSection
EndGlobal
