
Microsoft Visual Studio Solution File, Format Version 12.00
# Visual Studio 2015
Project("{FAE04EC0-301F-11D3-BF4B-00C04F79EFBC}") = "ugui_first.Plugins", "ugui_first.Plugins.csproj", "{57BE1FAE-10A0-24B2-176C-6A8DFB260193}"
EndProject
Project("{FAE04EC0-301F-11D3-BF4B-00C04F79EFBC}") = "ugui_first", "ugui_first.csproj", "{99DDEAA2-CF19-90C3-E1CB-AC3B4ED8E025}"
EndProject
Project("{FAE04EC0-301F-11D3-BF4B-00C04F79EFBC}") = "ugui_first.Editor", "ugui_first.Editor.csproj", "{BCDA80C2-DF9E-9090-F498-DF94D6D274A4}"
EndProject
Global
	GlobalSection(SolutionConfigurationPlatforms) = preSolution
		Debug|Any CPU = Debug|Any CPU
		Release|Any CPU = Release|Any CPU
	EndGlobalSection
	GlobalSection(ProjectConfigurationPlatforms) = postSolution
		{57BE1FAE-10A0-24B2-176C-6A8DFB260193}.Debug|Any CPU.ActiveCfg = Debug|Any CPU
		{57BE1FAE-10A0-24B2-176C-6A8DFB260193}.Debug|Any CPU.Build.0 = Debug|Any CPU
		{57BE1FAE-10A0-24B2-176C-6A8DFB260193}.Release|Any CPU.ActiveCfg = Release|Any CPU
		{57BE1FAE-10A0-24B2-176C-6A8DFB260193}.Release|Any CPU.Build.0 = Release|Any CPU
		{99DDEAA2-CF19-90C3-E1CB-AC3B4ED8E025}.Debug|Any CPU.ActiveCfg = Debug|Any CPU
		{99DDEAA2-CF19-90C3-E1CB-AC3B4ED8E025}.Debug|Any CPU.Build.0 = Debug|Any CPU
		{99DDEAA2-CF19-90C3-E1CB-AC3B4ED8E025}.Release|Any CPU.ActiveCfg = Release|Any CPU
		{99DDEAA2-CF19-90C3-E1CB-AC3B4ED8E025}.Release|Any CPU.Build.0 = Release|Any CPU
		{BCDA80C2-DF9E-9090-F498-DF94D6D274A4}.Debug|Any CPU.ActiveCfg = Debug|Any CPU
		{BCDA80C2-DF9E-9090-F498-DF94D6D274A4}.Debug|Any CPU.Build.0 = Debug|Any CPU
		{BCDA80C2-DF9E-9090-F498-DF94D6D274A4}.Release|Any CPU.ActiveCfg = Release|Any CPU
		{BCDA80C2-DF9E-9090-F498-DF94D6D274A4}.Release|Any CPU.Build.0 = Release|Any CPU
	EndGlobalSection
	GlobalSection(SolutionProperties) = preSolution
		HideSolutionNode = FALSE
	EndGlobalSection
EndGlobal
